
Microsoft Visual Studio Solution File, Format Version 12.00
# Visual Studio Version 16
VisualStudioVersion = 16.0.29102.190
MinimumVisualStudioVersion = 10.0.40219.1
Project("{FAE04EC0-301F-11D3-BF4B-00C04F79EFBC}") = "StudentProject", "StudentProject\StudentProject.csproj", "{F24D1A90-571D-45AB-8FA3-09A39A2D60AB}"
EndProject
Global
	GlobalSection(SolutionConfigurationPlatforms) = preSolution
		Debug|Any CPU = Debug|Any CPU
		Release|Any CPU = Release|Any CPU
	EndGlobalSection
	GlobalSection(ProjectConfigurationPlatforms) = postSolution
		{F24D1A90-571D-45AB-8FA3-09A39A2D60AB}.Debug|Any CPU.ActiveCfg = Debug|Any CPU
		{F24D1A90-571D-45AB-8FA3-09A39A2D60AB}.Debug|Any CPU.Build.0 = Debug|Any CPU
		{F24D1A90-571D-45AB-8FA3-09A39A2D60AB}.Release|Any CPU.ActiveCfg = Release|Any CPU
		{F24D1A90-571D-45AB-8FA3-09A39A2D60AB}.Release|Any CPU.Build.0 = Release|Any CPU
	EndGlobalSection
	GlobalSection(SolutionProperties) = preSolution
		HideSolutionNode = FALSE
	EndGlobalSection
	GlobalSection(ExtensibilityGlobals) = postSolution
		SolutionGuid = {17B0904F-D5A6-4CA5-B0F1-0F1B9D4726D7}
	EndGlobalSection
EndGlobal
